
Microsoft Visual Studio Solution File, Format Version 12.00
# Visual Studio Version 16
VisualStudioVersion = 16.0.30717.126
MinimumVisualStudioVersion = 10.0.40219.1
Project("{FAE04EC0-301F-11D3-BF4B-00C04F79EFBC}") = "Lab_11_CalculatorApp", "Lab_11_CalculatorApp\Lab_11_CalculatorApp.csproj", "{2E76051F-80B0-4381-A47B-7898164D0684}"
EndProject
Global
	GlobalSection(SolutionConfigurationPlatforms) = preSolution
		Debug|Any CPU = Debug|Any CPU
		Release|Any CPU = Release|Any CPU
	EndGlobalSection
	GlobalSection(ProjectConfigurationPlatforms) = postSolution
		{2E76051F-80B0-4381-A47B-7898164D0684}.Debug|Any CPU.ActiveCfg = Debug|Any CPU
		{2E76051F-80B0-4381-A47B-7898164D0684}.Debug|Any CPU.Build.0 = Debug|Any CPU
		{2E76051F-80B0-4381-A47B-7898164D0684}.Release|Any CPU.ActiveCfg = Release|Any CPU
		{2E76051F-80B0-4381-A47B-7898164D0684}.Release|Any CPU.Build.0 = Release|Any CPU
	EndGlobalSection
	GlobalSection(SolutionProperties) = preSolution
		HideSolutionNode = FALSE
	EndGlobalSection
	GlobalSection(ExtensibilityGlobals) = postSolution
		SolutionGuid = {DAA11369-A359-40EE-99FA-BD4D8C1511F0}
	EndGlobalSection
EndGlobal
